
Microsoft Visual Studio Solution File, Format Version 12.00
# Visual Studio Version 16
VisualStudioVersion = 16.0.30907.101
MinimumVisualStudioVersion = 10.0.40219.1
Project("{FAE04EC0-301F-11D3-BF4B-00C04F79EFBC}") = "Entities", "Entities\Entities.csproj", "{FDBC667D-19D0-432A-8CAB-8232A228034A}"
EndProject
Project("{FAE04EC0-301F-11D3-BF4B-00C04F79EFBC}") = "DataAccess", "DataAccess\DataAccess.csproj", "{3DC14C39-E9E3-4BC0-A446-EF0220FBD955}"
EndProject
Project("{FAE04EC0-301F-11D3-BF4B-00C04F79EFBC}") = "Business", "Business\Business.csproj", "{5C92B581-BA8D-4ED1-BC85-546966B333C2}"
EndProject
Project("{FAE04EC0-301F-11D3-BF4B-00C04F79EFBC}") = "ConsoleApp", "ConsoleApp\ConsoleApp.csproj", "{F3B2B6C0-749E-4EEC-B006-8314CEE83A20}"
EndProject
Global
	GlobalSection(SolutionConfigurationPlatforms) = preSolution
		Debug|Any CPU = Debug|Any CPU
		Release|Any CPU = Release|Any CPU
	EndGlobalSection
	GlobalSection(ProjectConfigurationPlatforms) = postSolution
		{FDBC667D-19D0-432A-8CAB-8232A228034A}.Debug|Any CPU.ActiveCfg = Debug|Any CPU
		{FDBC667D-19D0-432A-8CAB-8232A228034A}.Debug|Any CPU.Build.0 = Debug|Any CPU
		{FDBC667D-19D0-432A-8CAB-8232A228034A}.Release|Any CPU.ActiveCfg = Release|Any CPU
		{FDBC667D-19D0-432A-8CAB-8232A228034A}.Release|Any CPU.Build.0 = Release|Any CPU
		{3DC14C39-E9E3-4BC0-A446-EF0220FBD955}.Debug|Any CPU.ActiveCfg = Debug|Any CPU
		{3DC14C39-E9E3-4BC0-A446-EF0220FBD955}.Debug|Any CPU.Build.0 = Debug|Any CPU
		{3DC14C39-E9E3-4BC0-A446-EF0220FBD955}.Release|Any CPU.ActiveCfg = Release|Any CPU
		{3DC14C39-E9E3-4BC0-A446-EF0220FBD955}.Release|Any CPU.Build.0 = Release|Any CPU
		{5C92B581-BA8D-4ED1-BC85-546966B333C2}.Debug|Any CPU.ActiveCfg = Debug|Any CPU
		{5C92B581-BA8D-4ED1-BC85-546966B333C2}.Debug|Any CPU.Build.0 = Debug|Any CPU
		{5C92B581-BA8D-4ED1-BC85-546966B333C2}.Release|Any CPU.ActiveCfg = Release|Any CPU
		{5C92B581-BA8D-4ED1-BC85-546966B333C2}.Release|Any CPU.Build.0 = Release|Any CPU
		{F3B2B6C0-749E-4EEC-B006-8314CEE83A20}.Debug|Any CPU.ActiveCfg = Debug|Any CPU
		{F3B2B6C0-749E-4EEC-B006-8314CEE83A20}.Debug|Any CPU.Build.0 = Debug|Any CPU
		{F3B2B6C0-749E-4EEC-B006-8314CEE83A20}.Release|Any CPU.ActiveCfg = Release|Any CPU
		{F3B2B6C0-749E-4EEC-B006-8314CEE83A20}.Release|Any CPU.Build.0 = Release|Any CPU
	EndGlobalSection
	GlobalSection(SolutionProperties) = preSolution
		HideSolutionNode = FALSE
	EndGlobalSection
	GlobalSection(ExtensibilityGlobals) = postSolution
		SolutionGuid = {C403986F-0C3C-45A5-BAE7-AD7D37773A0C}
	EndGlobalSection
EndGlobal
